
Microsoft Visual Studio Solution File, Format Version 12.00
# Visual Studio Version 17
VisualStudioVersion = 17.13.35931.197 d17.13
MinimumVisualStudioVersion = 10.0.40219.1
Project("{FAE04EC0-301F-11D3-BF4B-00C04F79EFBC}") = "Nexus", "Nexus\Nexus.csproj", "{9776F065-1B5C-462B-94D7-58A784361AE9}"
EndProject
Global
	GlobalSection(SolutionConfigurationPlatforms) = preSolution
		Debug|Any CPU = Debug|Any CPU
		Release|Any CPU = Release|Any CPU
	EndGlobalSection
	GlobalSection(ProjectConfigurationPlatforms) = postSolution
		{9776F065-1B5C-462B-94D7-58A784361AE9}.Debug|Any CPU.ActiveCfg = Debug|Any CPU
		{9776F065-1B5C-462B-94D7-58A784361AE9}.Debug|Any CPU.Build.0 = Debug|Any CPU
		{9776F065-1B5C-462B-94D7-58A784361AE9}.Release|Any CPU.ActiveCfg = Release|Any CPU
		{9776F065-1B5C-462B-94D7-58A784361AE9}.Release|Any CPU.Build.0 = Release|Any CPU
	EndGlobalSection
	GlobalSection(SolutionProperties) = preSolution
		HideSolutionNode = FALSE
	EndGlobalSection
	GlobalSection(ExtensibilityGlobals) = postSolution
		SolutionGuid = {A5B36399-23F6-454B-83EA-ACF792C8E4F0}
	EndGlobalSection
EndGlobal
