
Microsoft Visual Studio Solution File, Format Version 12.00
# Visual Studio Version 17
VisualStudioVersion = 17.13.35931.197 d17.13
MinimumVisualStudioVersion = 10.0.40219.1
Project("{FAE04EC0-301F-11D3-BF4B-00C04F79EFBC}") = "PdfForge", "PdfForge\PdfForge.csproj", "{5FCEDBC9-25C6-4314-BF44-D0D23BC372A2}"
EndProject
Global
	GlobalSection(SolutionConfigurationPlatforms) = preSolution
		Debug|Any CPU = Debug|Any CPU
		Release|Any CPU = Release|Any CPU
	EndGlobalSection
	GlobalSection(ProjectConfigurationPlatforms) = postSolution
		{5FCEDBC9-25C6-4314-BF44-D0D23BC372A2}.Debug|Any CPU.ActiveCfg = Debug|Any CPU
		{5FCEDBC9-25C6-4314-BF44-D0D23BC372A2}.Debug|Any CPU.Build.0 = Debug|Any CPU
		{5FCEDBC9-25C6-4314-BF44-D0D23BC372A2}.Release|Any CPU.ActiveCfg = Release|Any CPU
		{5FCEDBC9-25C6-4314-BF44-D0D23BC372A2}.Release|Any CPU.Build.0 = Release|Any CPU
	EndGlobalSection
	GlobalSection(SolutionProperties) = preSolution
		HideSolutionNode = FALSE
	EndGlobalSection
	GlobalSection(ExtensibilityGlobals) = postSolution
		SolutionGuid = {5FE558AF-D4BF-47B4-9ACC-8F5F9082FB65}
	EndGlobalSection
EndGlobal
