
Microsoft Visual Studio Solution File, Format Version 12.00
# Visual Studio Version 17
VisualStudioVersion = 17.13.35931.197 d17.13
MinimumVisualStudioVersion = 10.0.40219.1
Project("{FAE04EC0-301F-11D3-BF4B-00C04F79EFBC}") = "SecKit", "SecKit\SecKit.csproj", "{7CD57972-B41F-487E-B564-2F492712808E}"
EndProject
Global
	GlobalSection(SolutionConfigurationPlatforms) = preSolution
		Debug|Any CPU = Debug|Any CPU
		Release|Any CPU = Release|Any CPU
	EndGlobalSection
	GlobalSection(ProjectConfigurationPlatforms) = postSolution
		{7CD57972-B41F-487E-B564-2F492712808E}.Debug|Any CPU.ActiveCfg = Debug|Any CPU
		{7CD57972-B41F-487E-B564-2F492712808E}.Debug|Any CPU.Build.0 = Debug|Any CPU
		{7CD57972-B41F-487E-B564-2F492712808E}.Release|Any CPU.ActiveCfg = Release|Any CPU
		{7CD57972-B41F-487E-B564-2F492712808E}.Release|Any CPU.Build.0 = Release|Any CPU
	EndGlobalSection
	GlobalSection(SolutionProperties) = preSolution
		HideSolutionNode = FALSE
	EndGlobalSection
	GlobalSection(ExtensibilityGlobals) = postSolution
		SolutionGuid = {46F49265-4E3C-48F2-BDBE-2B9D3FB6A931}
	EndGlobalSection
EndGlobal
