
Microsoft Visual Studio Solution File, Format Version 12.00
# Visual Studio Version 16
VisualStudioVersion = 16.0.34601.136
MinimumVisualStudioVersion = 10.0.40219.1
Project("{FAE04EC0-301F-11D3-BF4B-00C04F79EFBC}") = "WorldClock", "WorldClock\WorldClock.csproj", "{71736A29-3F8E-4DAD-8C80-2E9C6D9F07D3}"
EndProject
Global
	GlobalSection(SolutionConfigurationPlatforms) = preSolution
		Debug|Any CPU = Debug|Any CPU
		Release|Any CPU = Release|Any CPU
	EndGlobalSection
	GlobalSection(ProjectConfigurationPlatforms) = postSolution
		{71736A29-3F8E-4DAD-8C80-2E9C6D9F07D3}.Debug|Any CPU.ActiveCfg = Debug|Any CPU
		{71736A29-3F8E-4DAD-8C80-2E9C6D9F07D3}.Debug|Any CPU.Build.0 = Debug|Any CPU
		{71736A29-3F8E-4DAD-8C80-2E9C6D9F07D3}.Release|Any CPU.ActiveCfg = Release|Any CPU
		{71736A29-3F8E-4DAD-8C80-2E9C6D9F07D3}.Release|Any CPU.Build.0 = Release|Any CPU
	EndGlobalSection
	GlobalSection(SolutionProperties) = preSolution
		HideSolutionNode = FALSE
	EndGlobalSection
	GlobalSection(ExtensibilityGlobals) = postSolution
		SolutionGuid = {D0E3AB75-46E7-45CD-A408-D01887E0DE4B}
	EndGlobalSection
EndGlobal
