
Microsoft Visual Studio Solution File, Format Version 12.00
# Visual Studio Version 16
VisualStudioVersion = 16.0.34601.136
MinimumVisualStudioVersion = 10.0.40219.1
Project("{8BC9CEB8-8B4A-11D0-8D11-00A0C91BC942}") = "Timer", "Timer\Timer.vcxproj", "{B9C1088F-8551-4007-9126-8136BD8FCD38}"
EndProject
Global
	GlobalSection(SolutionConfigurationPlatforms) = preSolution
		Debug|Win32 = Debug|Win32
		Release|Win32 = Release|Win32
	EndGlobalSection
	GlobalSection(ProjectConfigurationPlatforms) = postSolution
		{B9C1088F-8551-4007-9126-8136BD8FCD38}.Debug|Win32.ActiveCfg = Release|Win32
		{B9C1088F-8551-4007-9126-8136BD8FCD38}.Debug|Win32.Build.0 = Release|Win32
		{B9C1088F-8551-4007-9126-8136BD8FCD38}.Release|Win32.ActiveCfg = Release|Win32
		{B9C1088F-8551-4007-9126-8136BD8FCD38}.Release|Win32.Build.0 = Release|Win32
	EndGlobalSection
	GlobalSection(SolutionProperties) = preSolution
		HideSolutionNode = FALSE
	EndGlobalSection
	GlobalSection(ExtensibilityGlobals) = postSolution
		SolutionGuid = {C83FE515-086B-42B3-8AA1-4669A681673D}
	EndGlobalSection
EndGlobal
