
Microsoft Visual Studio Solution File, Format Version 12.00
# Visual Studio Version 16
VisualStudioVersion = 16.0.34601.136
MinimumVisualStudioVersion = 10.0.40219.1
Project("{FAE04EC0-301F-11D3-BF4B-00C04F79EFBC}") = "PdfKit", "PdfKit\PdfKit.csproj", "{2428B802-6097-403E-9A81-BAF24702FA1B}"
EndProject
Global
	GlobalSection(SolutionConfigurationPlatforms) = preSolution
		Debug|Any CPU = Debug|Any CPU
		Release|Any CPU = Release|Any CPU
	EndGlobalSection
	GlobalSection(ProjectConfigurationPlatforms) = postSolution
		{2428B802-6097-403E-9A81-BAF24702FA1B}.Debug|Any CPU.ActiveCfg = Debug|Any CPU
		{2428B802-6097-403E-9A81-BAF24702FA1B}.Debug|Any CPU.Build.0 = Debug|Any CPU
		{2428B802-6097-403E-9A81-BAF24702FA1B}.Release|Any CPU.ActiveCfg = Release|Any CPU
		{2428B802-6097-403E-9A81-BAF24702FA1B}.Release|Any CPU.Build.0 = Release|Any CPU
	EndGlobalSection
	GlobalSection(SolutionProperties) = preSolution
		HideSolutionNode = FALSE
	EndGlobalSection
	GlobalSection(ExtensibilityGlobals) = postSolution
		SolutionGuid = {6F7BCA29-5CC5-457F-B1EB-CFEB8DCF0A23}
	EndGlobalSection
EndGlobal
